
Microsoft Visual Studio Solution File, Format Version 12.00
# Visual Studio Version 16
VisualStudioVersion = 16.0.29020.237
MinimumVisualStudioVersion = 10.0.40219.1
Project("{FAE04EC0-301F-11D3-BF4B-00C04F79EFBC}") = "WindowsFormsApp2", "WindowsFormsApp2\WindowsFormsApp2.csproj", "{74424C70-BD3F-4677-9B54-DF6BC27095EC}"
EndProject
Global
	GlobalSection(SolutionConfigurationPlatforms) = preSolution
		Debug|Any CPU = Debug|Any CPU
		Release|Any CPU = Release|Any CPU
	EndGlobalSection
	GlobalSection(ProjectConfigurationPlatforms) = postSolution
		{74424C70-BD3F-4677-9B54-DF6BC27095EC}.Debug|Any CPU.ActiveCfg = Debug|Any CPU
		{74424C70-BD3F-4677-9B54-DF6BC27095EC}.Debug|Any CPU.Build.0 = Debug|Any CPU
		{74424C70-BD3F-4677-9B54-DF6BC27095EC}.Release|Any CPU.ActiveCfg = Release|Any CPU
		{74424C70-BD3F-4677-9B54-DF6BC27095EC}.Release|Any CPU.Build.0 = Release|Any CPU
	EndGlobalSection
	GlobalSection(SolutionProperties) = preSolution
		HideSolutionNode = FALSE
	EndGlobalSection
	GlobalSection(ExtensibilityGlobals) = postSolution
		SolutionGuid = {D7C21674-DA73-404C-B63A-92F1476975F1}
	EndGlobalSection
EndGlobal
